
Microsoft Visual Studio Solution File, Format Version 12.00
# Visual Studio 15
VisualStudioVersion = 15.0.26730.3
MinimumVisualStudioVersion = 10.0.40219.1
Project("{FAE04EC0-301F-11D3-BF4B-00C04F79EFBC}") = "Cake.Markdown-Pdf", "Cake.Markdown-Pdf\Cake.Markdown-Pdf.csproj", "{E7E33710-F4A3-4557-8077-A3CF544BBA43}"
EndProject
Project("{FAE04EC0-301F-11D3-BF4B-00C04F79EFBC}") = "Cake.Markdown-Pdf.Tests", "Cake.Markdown-Pdf.Tests\Cake.Markdown-Pdf.Tests.csproj", "{7DA6B145-1896-417C-9768-DFB65B2C9F0B}"
EndProject
Global
	GlobalSection(SolutionConfigurationPlatforms) = preSolution
		Debug|Any CPU = Debug|Any CPU
		Release|Any CPU = Release|Any CPU
	EndGlobalSection
	GlobalSection(ProjectConfigurationPlatforms) = postSolution
		{E7E33710-F4A3-4557-8077-A3CF544BBA43}.Debug|Any CPU.ActiveCfg = Debug|Any CPU
		{E7E33710-F4A3-4557-8077-A3CF544BBA43}.Debug|Any CPU.Build.0 = Debug|Any CPU
		{E7E33710-F4A3-4557-8077-A3CF544BBA43}.Release|Any CPU.ActiveCfg = Release|Any CPU
		{E7E33710-F4A3-4557-8077-A3CF544BBA43}.Release|Any CPU.Build.0 = Release|Any CPU
		{7DA6B145-1896-417C-9768-DFB65B2C9F0B}.Debug|Any CPU.ActiveCfg = Debug|Any CPU
		{7DA6B145-1896-417C-9768-DFB65B2C9F0B}.Debug|Any CPU.Build.0 = Debug|Any CPU
		{7DA6B145-1896-417C-9768-DFB65B2C9F0B}.Release|Any CPU.ActiveCfg = Release|Any CPU
		{7DA6B145-1896-417C-9768-DFB65B2C9F0B}.Release|Any CPU.Build.0 = Release|Any CPU
	EndGlobalSection
	GlobalSection(SolutionProperties) = preSolution
		HideSolutionNode = FALSE
	EndGlobalSection
	GlobalSection(ExtensibilityGlobals) = postSolution
		SolutionGuid = {DDBF2A79-12D7-49C3-94C3-FE0F03949DD9}
	EndGlobalSection
EndGlobal
